
Microsoft Visual Studio Solution File, Format Version 12.00
# Visual Studio Express 14 for Web
VisualStudioVersion = 14.0.25420.1
MinimumVisualStudioVersion = 10.0.40219.1
Project("{2150E333-8FDC-42A3-9474-1A3956D46DE8}") = "src", "src", "{D7768450-1729-403B-8DA5-19596B544B09}"
EndProject
Project("{2150E333-8FDC-42A3-9474-1A3956D46DE8}") = "Solution Items", "Solution Items", "{F838AD20-7B30-4E47-A9D4-3C9B6D24CA39}"
	ProjectSection(SolutionItems) = preProject
		global.json = global.json
	EndProjectSection
EndProject
Project("{8BB2217D-0F2D-49D1-97BC-3654ED321F3B}") = "EvolentContact.API", "src\EvolentContact.API\EvolentContact.API.xproj", "{F1A703D5-1179-469E-B995-89B08B4BB808}"
EndProject
Project("{8BB2217D-0F2D-49D1-97BC-3654ED321F3B}") = "Evolent.Models", "src\Evolent.Models\Evolent.Models.xproj", "{D1073E17-7887-4568-BBAE-E69EDBA8ED37}"
EndProject
Project("{8BB2217D-0F2D-49D1-97BC-3654ED321F3B}") = "Evolent.Database", "src\Evolent.Database\Evolent.Database.xproj", "{4E63DDD2-0DAA-40DD-AEAB-986C04C5718E}"
EndProject
Project("{8BB2217D-0F2D-49D1-97BC-3654ED321F3B}") = "Evolent.Business", "src\Evolent.Business\Evolent.Business.xproj", "{0B58E901-705B-415F-BBE9-5C4EC814CD25}"
EndProject
Project("{8BB2217D-0F2D-49D1-97BC-3654ED321F3B}") = "Web", "src\Web\Web.xproj", "{4B874364-4961-4C82-BA90-825F22E42E18}"
EndProject
Global
	GlobalSection(SolutionConfigurationPlatforms) = preSolution
		Debug|Any CPU = Debug|Any CPU
		Release|Any CPU = Release|Any CPU
	EndGlobalSection
	GlobalSection(ProjectConfigurationPlatforms) = postSolution
		{F1A703D5-1179-469E-B995-89B08B4BB808}.Debug|Any CPU.ActiveCfg = Debug|Any CPU
		{F1A703D5-1179-469E-B995-89B08B4BB808}.Debug|Any CPU.Build.0 = Debug|Any CPU
		{F1A703D5-1179-469E-B995-89B08B4BB808}.Release|Any CPU.ActiveCfg = Release|Any CPU
		{F1A703D5-1179-469E-B995-89B08B4BB808}.Release|Any CPU.Build.0 = Release|Any CPU
		{D1073E17-7887-4568-BBAE-E69EDBA8ED37}.Debug|Any CPU.ActiveCfg = Debug|Any CPU
		{D1073E17-7887-4568-BBAE-E69EDBA8ED37}.Debug|Any CPU.Build.0 = Debug|Any CPU
		{D1073E17-7887-4568-BBAE-E69EDBA8ED37}.Release|Any CPU.ActiveCfg = Release|Any CPU
		{D1073E17-7887-4568-BBAE-E69EDBA8ED37}.Release|Any CPU.Build.0 = Release|Any CPU
		{4E63DDD2-0DAA-40DD-AEAB-986C04C5718E}.Debug|Any CPU.ActiveCfg = Debug|Any CPU
		{4E63DDD2-0DAA-40DD-AEAB-986C04C5718E}.Debug|Any CPU.Build.0 = Debug|Any CPU
		{4E63DDD2-0DAA-40DD-AEAB-986C04C5718E}.Release|Any CPU.ActiveCfg = Release|Any CPU
		{4E63DDD2-0DAA-40DD-AEAB-986C04C5718E}.Release|Any CPU.Build.0 = Release|Any CPU
		{0B58E901-705B-415F-BBE9-5C4EC814CD25}.Debug|Any CPU.ActiveCfg = Debug|Any CPU
		{0B58E901-705B-415F-BBE9-5C4EC814CD25}.Debug|Any CPU.Build.0 = Debug|Any CPU
		{0B58E901-705B-415F-BBE9-5C4EC814CD25}.Release|Any CPU.ActiveCfg = Release|Any CPU
		{0B58E901-705B-415F-BBE9-5C4EC814CD25}.Release|Any CPU.Build.0 = Release|Any CPU
		{4B874364-4961-4C82-BA90-825F22E42E18}.Debug|Any CPU.ActiveCfg = Debug|Any CPU
		{4B874364-4961-4C82-BA90-825F22E42E18}.Debug|Any CPU.Build.0 = Debug|Any CPU
		{4B874364-4961-4C82-BA90-825F22E42E18}.Release|Any CPU.ActiveCfg = Release|Any CPU
		{4B874364-4961-4C82-BA90-825F22E42E18}.Release|Any CPU.Build.0 = Release|Any CPU
	EndGlobalSection
	GlobalSection(SolutionProperties) = preSolution
		HideSolutionNode = FALSE
	EndGlobalSection
	GlobalSection(NestedProjects) = preSolution
		{F1A703D5-1179-469E-B995-89B08B4BB808} = {D7768450-1729-403B-8DA5-19596B544B09}
		{D1073E17-7887-4568-BBAE-E69EDBA8ED37} = {D7768450-1729-403B-8DA5-19596B544B09}
		{4E63DDD2-0DAA-40DD-AEAB-986C04C5718E} = {D7768450-1729-403B-8DA5-19596B544B09}
		{0B58E901-705B-415F-BBE9-5C4EC814CD25} = {D7768450-1729-403B-8DA5-19596B544B09}
		{4B874364-4961-4C82-BA90-825F22E42E18} = {D7768450-1729-403B-8DA5-19596B544B09}
	EndGlobalSection
EndGlobal
